dependencies:
- name: postgresql
  repository: oci://registry-1.docker.io/bitnamicharts
  version: 18.5.6
- name: redis
  repository: oci://registry-1.docker.io/bitnamicharts
  version: 25.3.2
digest: sha256:a7712dfc6b32f47ec20b5bbaf7a5c9ba2becd278e7c3c5bb21ec2a6688f0826b
generated: "2026-03-17T17:53:33.33859+07:00"
